{
  "name": "super-tiny-icons",
  "version": "0.5.1",
  "lockfileVersion": 3,
  "requires": true,
  "packages": {
    "": {
      "name": "super-tiny-icons",
      "version": "0.5.1",
      "hasInstallScript": true,
      "license": "MIT",
      "dependencies": {
        "opencollective-postinstall": "^2.0.2"
      },
      "devDependencies": {
        "vnu-jar": "^23.4.11"
      }
    },
    "node_modules/opencollective-postinstall": {
      "version": "2.0.3",
      "license": "MIT",
      "bin": {
        "opencollective-postinstall": "index.js"
      }
    },
    "node_modules/vnu-jar": {
      "version": "23.4.11",
      "dev": true,
      "license": "MIT",
      "engines": {
        "node": ">=0.10"
      }
    }
  }
}
